
Microsoft Visual Studio Solution File, Format Version 12.00
# Visual Studio 15
VisualStudioVersion = 15.0.27428.2027
MinimumVisualStudioVersion = 10.0.40219.1
Project("{FAE04EC0-301F-11D3-BF4B-00C04F79EFBC}") = "Common.Logging", "Common.Logging\Common.Logging.csproj", "{F1D5524E-6635-4F97-A2F2-BD46899D2A59}"
EndProject
Project("{FAE04EC0-301F-11D3-BF4B-00C04F79EFBC}") = "Sample.Console", "Sample.Console\Sample.Console.csproj", "{AA1EC7E6-A33D-44E6-9747-F867B2AF0368}"
	ProjectSection(ProjectDependencies) = postProject
		{E339D2C6-DAE3-4295-9021-7FF6C37D388D} = {E339D2C6-DAE3-4295-9021-7FF6C37D388D}
	EndProjectSection
EndProject
Project("{FAE04EC0-301F-11D3-BF4B-00C04F79EFBC}") = "Sample.Service.Wcf", "Sample.Service.Wcf\Sample.Service.Wcf.csproj", "{E339D2C6-DAE3-4295-9021-7FF6C37D388D}"
EndProject
Project("{FAE04EC0-301F-11D3-BF4B-00C04F79EFBC}") = "Sample.Web.MVC", "Sample.Web.MVC\Sample.Web.MVC.csproj", "{BF878654-AAE5-4E7D-9A8D-6A8EF6BD3087}"
EndProject
Project("{FAE04EC0-301F-11D3-BF4B-00C04F79EFBC}") = "Common.Proxy.Wcf", "Common.Proxy.Wcf\Common.Proxy.Wcf.csproj", "{549D9A0A-4260-4235-94F6-82708B5EBCEB}"
EndProject
Project("{FAE04EC0-301F-11D3-BF4B-00C04F79EFBC}") = "Sample.Service.Wcf.Interfaces", "Sample.Service.Wcf.Interfaces\Sample.Service.Wcf.Interfaces.csproj", "{0772B6C6-D47C-4D2D-A385-780D54F145D2}"
EndProject
Project("{FAE04EC0-301F-11D3-BF4B-00C04F79EFBC}") = "Sample.Service.Wcf.DataModels", "Sample.Service.Wcf.DataModels\Sample.Service.Wcf.DataModels.csproj", "{840C3935-DE92-46E5-8F63-D7C936E59079}"
EndProject
Project("{FAE04EC0-301F-11D3-BF4B-00C04F79EFBC}") = "Common.Client.Wcf.Extensions", "Common.Client.Wcf.Extensions\Common.Client.Wcf.Extensions.csproj", "{F0CE2DCA-A858-471E-A890-AFFCFCCA015D}"
EndProject
Project("{FAE04EC0-301F-11D3-BF4B-00C04F79EFBC}") = "Common.Service.Wcf.Extensions", "Common.Service.Wcf.Extensions\Common.Service.Wcf.Extensions.csproj", "{CA32FEA1-60A2-46EE-8684-7A1CE4C01BCB}"
EndProject
Project("{FAE04EC0-301F-11D3-BF4B-00C04F79EFBC}") = "Sample.Service.Proxy.Wcf.Client", "Sample.Service.Proxy.Wcf.Client\Sample.Service.Proxy.Wcf.Client.csproj", "{1A039582-F6B7-44FA-9563-145C5136B966}"
EndProject
Project("{2150E333-8FDC-42A3-9474-1A3956D46DE8}") = "Reference Architecture", "Reference Architecture", "{E183D304-AB7C-4C70-BABE-C5C07B955AC9}"
EndProject
Project("{2150E333-8FDC-42A3-9474-1A3956D46DE8}") = "Implementation", "Implementation", "{B2581059-2FAC-426D-A79C-A41A27055F4B}"
EndProject
Project("{2150E333-8FDC-42A3-9474-1A3956D46DE8}") = "FrontEndClients", "FrontEndClients", "{443F62FE-434B-4B92-99F5-AEA8D5A9F047}"
EndProject
Project("{2150E333-8FDC-42A3-9474-1A3956D46DE8}") = "BackEndSystems", "BackEndSystems", "{18C5B088-5FC3-426F-9D75-D9444D576FB2}"
EndProject
Project("{2150E333-8FDC-42A3-9474-1A3956D46DE8}") = "Shared", "Shared", "{B913422B-CD5D-4E1C-B7A9-EE0407FA701B}"
EndProject
Project("{FAE04EC0-301F-11D3-BF4B-00C04F79EFBC}") = "Sample.Service.WebApi", "Sample.Service.WebApi\Sample.Service.WebApi.csproj", "{024BDA37-DAD7-46B8-8685-E076E71E75E2}"
EndProject
Project("{FAE04EC0-301F-11D3-BF4B-00C04F79EFBC}") = "Common.Service.WebApi.Extensions", "Common.Service.WebApi.Extensions\Common.Service.WebApi.Extensions.csproj", "{18D1C397-4E92-4A09-B41B-2D5801414081}"
EndProject
Global
	GlobalSection(SolutionConfigurationPlatforms) = preSolution
		Debug|Any CPU = Debug|Any CPU
		Release|Any CPU = Release|Any CPU
	EndGlobalSection
	GlobalSection(ProjectConfigurationPlatforms) = postSolution
		{F1D5524E-6635-4F97-A2F2-BD46899D2A59}.Debug|Any CPU.ActiveCfg = Debug|Any CPU
		{F1D5524E-6635-4F97-A2F2-BD46899D2A59}.Debug|Any CPU.Build.0 = Debug|Any CPU
		{F1D5524E-6635-4F97-A2F2-BD46899D2A59}.Release|Any CPU.ActiveCfg = Release|Any CPU
		{F1D5524E-6635-4F97-A2F2-BD46899D2A59}.Release|Any CPU.Build.0 = Release|Any CPU
		{AA1EC7E6-A33D-44E6-9747-F867B2AF0368}.Debug|Any CPU.ActiveCfg = Debug|Any CPU
		{AA1EC7E6-A33D-44E6-9747-F867B2AF0368}.Debug|Any CPU.Build.0 = Debug|Any CPU
		{AA1EC7E6-A33D-44E6-9747-F867B2AF0368}.Release|Any CPU.ActiveCfg = Release|Any CPU
		{AA1EC7E6-A33D-44E6-9747-F867B2AF0368}.Release|Any CPU.Build.0 = Release|Any CPU
		{E339D2C6-DAE3-4295-9021-7FF6C37D388D}.Debug|Any CPU.ActiveCfg = Debug|Any CPU
		{E339D2C6-DAE3-4295-9021-7FF6C37D388D}.Debug|Any CPU.Build.0 = Debug|Any CPU
		{E339D2C6-DAE3-4295-9021-7FF6C37D388D}.Release|Any CPU.ActiveCfg = Release|Any CPU
		{E339D2C6-DAE3-4295-9021-7FF6C37D388D}.Release|Any CPU.Build.0 = Release|Any CPU
		{BF878654-AAE5-4E7D-9A8D-6A8EF6BD3087}.Debug|Any CPU.ActiveCfg = Debug|Any CPU
		{BF878654-AAE5-4E7D-9A8D-6A8EF6BD3087}.Debug|Any CPU.Build.0 = Debug|Any CPU
		{BF878654-AAE5-4E7D-9A8D-6A8EF6BD3087}.Release|Any CPU.ActiveCfg = Release|Any CPU
		{BF878654-AAE5-4E7D-9A8D-6A8EF6BD3087}.Release|Any CPU.Build.0 = Release|Any CPU
		{549D9A0A-4260-4235-94F6-82708B5EBCEB}.Debug|Any CPU.ActiveCfg = Debug|Any CPU
		{549D9A0A-4260-4235-94F6-82708B5EBCEB}.Debug|Any CPU.Build.0 = Debug|Any CPU
		{549D9A0A-4260-4235-94F6-82708B5EBCEB}.Release|Any CPU.ActiveCfg = Release|Any CPU
		{549D9A0A-4260-4235-94F6-82708B5EBCEB}.Release|Any CPU.Build.0 = Release|Any CPU
		{0772B6C6-D47C-4D2D-A385-780D54F145D2}.Debug|Any CPU.ActiveCfg = Debug|Any CPU
		{0772B6C6-D47C-4D2D-A385-780D54F145D2}.Debug|Any CPU.Build.0 = Debug|Any CPU
		{0772B6C6-D47C-4D2D-A385-780D54F145D2}.Release|Any CPU.ActiveCfg = Release|Any CPU
		{0772B6C6-D47C-4D2D-A385-780D54F145D2}.Release|Any CPU.Build.0 = Release|Any CPU
		{840C3935-DE92-46E5-8F63-D7C936E59079}.Debug|Any CPU.ActiveCfg = Debug|Any CPU
		{840C3935-DE92-46E5-8F63-D7C936E59079}.Debug|Any CPU.Build.0 = Debug|Any CPU
		{840C3935-DE92-46E5-8F63-D7C936E59079}.Release|Any CPU.ActiveCfg = Release|Any CPU
		{840C3935-DE92-46E5-8F63-D7C936E59079}.Release|Any CPU.Build.0 = Release|Any CPU
		{F0CE2DCA-A858-471E-A890-AFFCFCCA015D}.Debug|Any CPU.ActiveCfg = Debug|Any CPU
		{F0CE2DCA-A858-471E-A890-AFFCFCCA015D}.Debug|Any CPU.Build.0 = Debug|Any CPU
		{F0CE2DCA-A858-471E-A890-AFFCFCCA015D}.Release|Any CPU.ActiveCfg = Release|Any CPU
		{F0CE2DCA-A858-471E-A890-AFFCFCCA015D}.Release|Any CPU.Build.0 = Release|Any CPU
		{CA32FEA1-60A2-46EE-8684-7A1CE4C01BCB}.Debug|Any CPU.ActiveCfg = Debug|Any CPU
		{CA32FEA1-60A2-46EE-8684-7A1CE4C01BCB}.Debug|Any CPU.Build.0 = Debug|Any CPU
		{CA32FEA1-60A2-46EE-8684-7A1CE4C01BCB}.Release|Any CPU.ActiveCfg = Release|Any CPU
		{CA32FEA1-60A2-46EE-8684-7A1CE4C01BCB}.Release|Any CPU.Build.0 = Release|Any CPU
		{1A039582-F6B7-44FA-9563-145C5136B966}.Debug|Any CPU.ActiveCfg = Debug|Any CPU
		{1A039582-F6B7-44FA-9563-145C5136B966}.Debug|Any CPU.Build.0 = Debug|Any CPU
		{1A039582-F6B7-44FA-9563-145C5136B966}.Release|Any CPU.ActiveCfg = Release|Any CPU
		{1A039582-F6B7-44FA-9563-145C5136B966}.Release|Any CPU.Build.0 = Release|Any CPU
		{024BDA37-DAD7-46B8-8685-E076E71E75E2}.Debug|Any CPU.ActiveCfg = Debug|Any CPU
		{024BDA37-DAD7-46B8-8685-E076E71E75E2}.Debug|Any CPU.Build.0 = Debug|Any CPU
		{024BDA37-DAD7-46B8-8685-E076E71E75E2}.Release|Any CPU.ActiveCfg = Release|Any CPU
		{024BDA37-DAD7-46B8-8685-E076E71E75E2}.Release|Any CPU.Build.0 = Release|Any CPU
		{18D1C397-4E92-4A09-B41B-2D5801414081}.Debug|Any CPU.ActiveCfg = Debug|Any CPU
		{18D1C397-4E92-4A09-B41B-2D5801414081}.Debug|Any CPU.Build.0 = Debug|Any CPU
		{18D1C397-4E92-4A09-B41B-2D5801414081}.Release|Any CPU.ActiveCfg = Release|Any CPU
		{18D1C397-4E92-4A09-B41B-2D5801414081}.Release|Any CPU.Build.0 = Release|Any CPU
	EndGlobalSection
	GlobalSection(SolutionProperties) = preSolution
		HideSolutionNode = FALSE
	EndGlobalSection
	GlobalSection(NestedProjects) = preSolution
		{F1D5524E-6635-4F97-A2F2-BD46899D2A59} = {E183D304-AB7C-4C70-BABE-C5C07B955AC9}
		{AA1EC7E6-A33D-44E6-9747-F867B2AF0368} = {443F62FE-434B-4B92-99F5-AEA8D5A9F047}
		{E339D2C6-DAE3-4295-9021-7FF6C37D388D} = {18C5B088-5FC3-426F-9D75-D9444D576FB2}
		{BF878654-AAE5-4E7D-9A8D-6A8EF6BD3087} = {443F62FE-434B-4B92-99F5-AEA8D5A9F047}
		{549D9A0A-4260-4235-94F6-82708B5EBCEB} = {E183D304-AB7C-4C70-BABE-C5C07B955AC9}
		{0772B6C6-D47C-4D2D-A385-780D54F145D2} = {B913422B-CD5D-4E1C-B7A9-EE0407FA701B}
		{840C3935-DE92-46E5-8F63-D7C936E59079} = {B913422B-CD5D-4E1C-B7A9-EE0407FA701B}
		{F0CE2DCA-A858-471E-A890-AFFCFCCA015D} = {E183D304-AB7C-4C70-BABE-C5C07B955AC9}
		{CA32FEA1-60A2-46EE-8684-7A1CE4C01BCB} = {E183D304-AB7C-4C70-BABE-C5C07B955AC9}
		{1A039582-F6B7-44FA-9563-145C5136B966} = {B913422B-CD5D-4E1C-B7A9-EE0407FA701B}
		{443F62FE-434B-4B92-99F5-AEA8D5A9F047} = {B2581059-2FAC-426D-A79C-A41A27055F4B}
		{18C5B088-5FC3-426F-9D75-D9444D576FB2} = {B2581059-2FAC-426D-A79C-A41A27055F4B}
		{B913422B-CD5D-4E1C-B7A9-EE0407FA701B} = {B2581059-2FAC-426D-A79C-A41A27055F4B}
		{024BDA37-DAD7-46B8-8685-E076E71E75E2} = {18C5B088-5FC3-426F-9D75-D9444D576FB2}
		{18D1C397-4E92-4A09-B41B-2D5801414081} = {E183D304-AB7C-4C70-BABE-C5C07B955AC9}
	EndGlobalSection
	GlobalSection(ExtensibilityGlobals) = postSolution
		SolutionGuid = {F9C5364F-E8B5-43F6-A774-19887BE24564}
	EndGlobalSection
EndGlobal
